
Microsoft Visual Studio Solution File, Format Version 12.00
# Visual Studio Version 16
VisualStudioVersion = 16.0.33328.57
MinimumVisualStudioVersion = 10.0.40219.1
Project("{FAE04EC0-301F-11D3-BF4B-00C04F79EFBC}") = "NDOANWED2023", "NDOANWED2023\NDOANWED2023.csproj", "{07AAEFE1-B911-4BEC-BB93-D5739C75A17B}"
EndProject
Global
	GlobalSection(SolutionConfigurationPlatforms) = preSolution
		Debug|Any CPU = Debug|Any CPU
		Release|Any CPU = Release|Any CPU
	EndGlobalSection
	GlobalSection(ProjectConfigurationPlatforms) = postSolution
		{07AAEFE1-B911-4BEC-BB93-D5739C75A17B}.Debug|Any CPU.ActiveCfg = Debug|Any CPU
		{07AAEFE1-B911-4BEC-BB93-D5739C75A17B}.Debug|Any CPU.Build.0 = Debug|Any CPU
		{07AAEFE1-B911-4BEC-BB93-D5739C75A17B}.Release|Any CPU.ActiveCfg = Release|Any CPU
		{07AAEFE1-B911-4BEC-BB93-D5739C75A17B}.Release|Any CPU.Build.0 = Release|Any CPU
	EndGlobalSection
	GlobalSection(SolutionProperties) = preSolution
		HideSolutionNode = FALSE
	EndGlobalSection
	GlobalSection(ExtensibilityGlobals) = postSolution
		SolutionGuid = {5705057B-3953-472F-AABA-9FD2E082A6B0}
	EndGlobalSection
EndGlobal
